[[package]]
name = "prometheus-client"
version = "0.11.0"
description = "Python client for the Prometheus monitoring system."
category = "main"
optional = false
python-versions = ">=2.7, !=3.0.*, !=3.1.*, !=3.2.*, !=3.3.*"

[package.extras]
twisted = ["twisted"]

[metadata]
lock-version = "1.1"
python-versions = "^3.7"
content-hash = "d6565bff679b7031812af35e319596852e8fb58f70086725f6eefb467293d651"

[metadata.files]
prometheus-client = [
    {file = "prometheus_client-0.11.0-py2.py3-none-any.whl", hash = "sha256:b014bc76815eb1399da8ce5fc84b7717a3e63652b0c0f8804092c9363acab1b2"},
    {file = "prometheus_client-0.11.0.tar.gz", hash = "sha256:3a8baade6cb80bcfe43297e33e7623f3118d660d41387593758e2fb1ea173a86"},
]
